{
	"name": "pure-devkit",
	"version": "1.0.0",
	"lockfileVersion": 3,
	"requires": true,
	"packages": {
		"": {
			"name": "pure-devkit",
			"version": "1.0.0",
			"dependencies": {
				"@aliou/pi-utils-ui": "^0.1.0",
				"@sinclair/typebox": "^0.34.41"
			},
			"peerDependencies": {
				"@mariozechner/pi-coding-agent": "*",
				"@mariozechner/pi-tui": "*"
			},
			"peerDependenciesMeta": {
				"@mariozechner/pi-coding-agent": {
					"optional": true
				},
				"@mariozechner/pi-tui": {
					"optional": true
				}
			}
		},
		"node_modules/@aliou/pi-utils-ui": {
			"version": "0.1.5",
			"resolved": "https://registry.npmjs.org/@aliou/pi-utils-ui/-/pi-utils-ui-0.1.5.tgz",
			"integrity": "sha512-YQwv22pzjhdPmFRA1s0dQcX8UqXh2igO0NRRyRbgVhXA65MFCPVKvo5+Zh17XJH73s9Gpijn/ibCwkD5g3QMUA==",
			"license": "MIT",
			"peerDependencies": {
				"@mariozechner/pi-coding-agent": ">=0.61.0 <1",
				"@mariozechner/pi-tui": ">=0.61.0 <1"
			},
			"peerDependenciesMeta": {
				"@mariozechner/pi-coding-agent": {
					"optional": true
				},
				"@mariozechner/pi-tui": {
					"optional": true
				}
			}
		},
		"node_modules/@sinclair/typebox": {
			"version": "0.34.49",
			"resolved": "https://registry.npmjs.org/@sinclair/typebox/-/typebox-0.34.49.tgz",
			"integrity": "sha512-brySQQs7Jtn0joV8Xh9ZV/hZb9Ozb0pmazDIASBkYKCjXrXU3mpcFahmK/z4YDhGkQvP9mWJbVyahdtU5wQA+A==",
			"license": "MIT"
		}
	}
}
