{
  "name": "pure-cron",
  "version": "1.0.0",
  "lockfileVersion": 3,
  "requires": true,
  "packages": {
    "": {
      "name": "pure-cron",
      "version": "1.0.0",
      "license": "ISC",
      "dependencies": {
        "croner": "^8.1.2",
        "nanoid": "^5.1.7"
      }
    },
    "node_modules/croner": {
      "version": "8.1.2",
      "resolved": "https://registry.npmjs.org/croner/-/croner-8.1.2.tgz",
      "integrity": "sha512-ypfPFcAXHuAZRCzo3vJL6ltENzniTjwe/qsLleH1V2/7SRDjgvRQyrLmumFTLmjFax4IuSxfGXEn79fozXcJog==",
      "license": "MIT",
      "engines": {
        "node": ">=18.0"
      }
    },
    "node_modules/nanoid": {
      "version": "5.1.7",
      "resolved": "https://registry.npmjs.org/nanoid/-/nanoid-5.1.7.tgz",
      "integrity": "sha512-ua3NDgISf6jdwezAheMOk4mbE1LXjm1DfMUDMuJf4AqxLFK3ccGpgWizwa5YV7Yz9EpXwEaWoRXSb/BnV0t5dQ==",
      "funding": [
        {
          "type": "github",
          "url": "https://github.com/sponsors/ai"
        }
      ],
      "license": "MIT",
      "bin": {
        "nanoid": "bin/nanoid.js"
      },
      "engines": {
        "node": "^18 || >=20"
      }
    }
  }
}
